
Microsoft Visual Studio Solution File, Format Version 12.00
# Visual Studio Version 16
VisualStudioVersion = 16.0.29613.14
MinimumVisualStudioVersion = 10.0.40219.1
Project("{D954291E-2A0B-460D-934E-DC6B0785DB48}") = "slimLIB.Sample.Shared", "samples\slimLIB.Sample\slimLIB.Sample.Shared\slimLIB.Sample.Shared.shproj", "{6279C845-92F8-4333-AB99-3D213163593C}"
EndProject
Project("{FAE04EC0-301F-11D3-BF4B-00C04F79EFBC}") = "slimLIB.Sample.Droid", "samples\slimLIB.Sample\slimLIB.Sample.Droid\slimLIB.Sample.Droid.csproj", "{F4796C43-2D72-41D8-93FF-D0F65DDBD2E1}"
EndProject
Project("{FAE04EC0-301F-11D3-BF4B-00C04F79EFBC}") = "slimLIB.Sample.iOS", "samples\slimLIB.Sample\slimLIB.Sample.iOS\slimLIB.Sample.iOS.csproj", "{27C4E1E5-B770-4E89-967F-33EE95A30CF0}"
EndProject
Project("{FAE04EC0-301F-11D3-BF4B-00C04F79EFBC}") = "slimLIB.Sample.UWP", "samples\slimLIB.Sample\slimLIB.Sample.UWP\slimLIB.Sample.UWP.csproj", "{C39E4269-1399-438F-8795-CD43CE938E8C}"
EndProject
Project("{9A19103F-16F7-4668-BE54-9A1E7A4F7556}") = "slimLIB.Sample.Wasm", "samples\slimLIB.Sample\slimLIB.Sample.Wasm\slimLIB.Sample.Wasm.csproj", "{52A8D626-9752-4A02-8EFA-2CC92E0098C6}"
EndProject
Project("{9A19103F-16F7-4668-BE54-9A1E7A4F7556}") = "slimLIB.Uno", "slimLIB.Uno\slimLIB.Uno.csproj", "{25C99643-DBDF-4990-B158-97B6B6C4F352}"
EndProject
Project("{D954291E-2A0B-460D-934E-DC6B0785DB48}") = "Seclusion.Shared", "samples\Seclusion\Seclusion.Shared\Seclusion.Shared.shproj", "{9717D659-6A42-43D7-8DD4-8FB2179E0D7B}"
EndProject
Project("{FAE04EC0-301F-11D3-BF4B-00C04F79EFBC}") = "Seclusion.Droid", "samples\Seclusion\Seclusion.Droid\Seclusion.Droid.csproj", "{CAF29B47-C2EA-4424-9A93-0EABF141AD2F}"
EndProject
Project("{FAE04EC0-301F-11D3-BF4B-00C04F79EFBC}") = "Seclusion.iOS", "samples\Seclusion\Seclusion.iOS\Seclusion.iOS.csproj", "{6A2C7DA3-7096-4EA0-93D3-5C56000E08E2}"
EndProject
Project("{FAE04EC0-301F-11D3-BF4B-00C04F79EFBC}") = "Seclusion.UWP", "samples\Seclusion\Seclusion.UWP\Seclusion.UWP.csproj", "{668828F4-24A0-4936-8A36-1B0AED9B2B58}"
EndProject
Project("{9A19103F-16F7-4668-BE54-9A1E7A4F7556}") = "Seclusion.Wasm", "samples\Seclusion\Seclusion.Wasm\Seclusion.Wasm.csproj", "{CC5EBA94-EBAB-46F5-A4DC-774C0FEBCC67}"
EndProject
Project("{FAE04EC0-301F-11D3-BF4B-00C04F79EFBC}") = "slimLIB.Uno.Tests", "slimLIB.Uno.Tests\slimLIB.Uno.Tests.csproj", "{3F2B7F90-E931-4541-9039-4BD0EA7E2B93}"
EndProject
Global
	GlobalSection(SharedMSBuildProjectFiles) = preSolution
		samples\slimLIB.Sample\slimLIB.Sample.Shared\slimLIB.Sample.Shared.projitems*{27c4e1e5-b770-4e89-967f-33ee95a30cf0}*SharedItemsImports = 4
		samples\slimLIB.Sample\slimLIB.Sample.Shared\slimLIB.Sample.Shared.projitems*{6279c845-92f8-4333-ab99-3d213163593c}*SharedItemsImports = 13
		samples\Seclusion\Seclusion.Shared\Seclusion.Shared.projitems*{668828f4-24a0-4936-8a36-1b0aed9b2b58}*SharedItemsImports = 4
		samples\Seclusion\Seclusion.Shared\Seclusion.Shared.projitems*{6a2c7da3-7096-4ea0-93d3-5c56000e08e2}*SharedItemsImports = 4
		samples\Seclusion\Seclusion.Shared\Seclusion.Shared.projitems*{9717d659-6a42-43d7-8dd4-8fb2179e0d7b}*SharedItemsImports = 13
		samples\slimLIB.Sample\slimLIB.Sample.Shared\slimLIB.Sample.Shared.projitems*{c39e4269-1399-438f-8795-cd43ce938e8c}*SharedItemsImports = 4
		samples\Seclusion\Seclusion.Shared\Seclusion.Shared.projitems*{caf29b47-c2ea-4424-9a93-0eabf141ad2f}*SharedItemsImports = 4
		samples\slimLIB.Sample\slimLIB.Sample.Shared\slimLIB.Sample.Shared.projitems*{f4796c43-2d72-41d8-93ff-d0f65ddbd2e1}*SharedItemsImports = 4
	EndGlobalSection
	GlobalSection(SolutionConfigurationPlatforms) = preSolution
		Ad-Hoc|Any CPU = Ad-Hoc|Any CPU
		Ad-Hoc|ARM = Ad-Hoc|ARM
		Ad-Hoc|ARM64 = Ad-Hoc|ARM64
		Ad-Hoc|iPhone = Ad-Hoc|iPhone
		Ad-Hoc|iPhoneSimulator = Ad-Hoc|iPhoneSimulator
		Ad-Hoc|x64 = Ad-Hoc|x64
		Ad-Hoc|x86 = Ad-Hoc|x86
		AppStore|Any CPU = AppStore|Any CPU
		AppStore|ARM = AppStore|ARM
		AppStore|ARM64 = AppStore|ARM64
		AppStore|iPhone = AppStore|iPhone
		AppStore|iPhoneSimulator = AppStore|iPhoneSimulator
		AppStore|x64 = AppStore|x64
		AppStore|x86 = AppStore|x86
		Debug|Any CPU = Debug|Any CPU
		Debug|ARM = Debug|ARM
		Debug|ARM64 = Debug|ARM64
		Debug|iPhone = Debug|iPhone
		Debug|iPhoneSimulator = Debug|iPhoneSimulator
		Debug|x64 = Debug|x64
		Debug|x86 = Debug|x86
		Release|Any CPU = Release|Any CPU
		Release|ARM = Release|ARM
		Release|ARM64 = Release|ARM64
		Release|iPhone = Release|iPhone
		Release|iPhoneSimulator = Release|iPhoneSimulator
		Release|x64 = Release|x64
		Release|x86 = Release|x86
	EndGlobalSection
	GlobalSection(ProjectConfigurationPlatforms) = postSolution
		{F4796C43-2D72-41D8-93FF-D0F65DDBD2E1}.Ad-Hoc|Any CPU.ActiveCfg = Release|Any CPU
		{F4796C43-2D72-41D8-93FF-D0F65DDBD2E1}.Ad-Hoc|Any CPU.Build.0 = Release|Any CPU
		{F4796C43-2D72-41D8-93FF-D0F65DDBD2E1}.Ad-Hoc|Any CPU.Deploy.0 = Release|Any CPU
		{F4796C43-2D72-41D8-93FF-D0F65DDBD2E1}.Ad-Hoc|ARM.ActiveCfg = Release|Any CPU
		{F4796C43-2D72-41D8-93FF-D0F65DDBD2E1}.Ad-Hoc|ARM.Build.0 = Release|Any CPU
		{F4796C43-2D72-41D8-93FF-D0F65DDBD2E1}.Ad-Hoc|ARM.Deploy.0 = Release|Any CPU
		{F4796C43-2D72-41D8-93FF-D0F65DDBD2E1}.Ad-Hoc|ARM64.ActiveCfg = Debug|Any CPU
		{F4796C43-2D72-41D8-93FF-D0F65DDBD2E1}.Ad-Hoc|ARM64.Build.0 = Debug|Any CPU
		{F4796C43-2D72-41D8-93FF-D0F65DDBD2E1}.Ad-Hoc|ARM64.Deploy.0 = Debug|Any CPU
		{F4796C43-2D72-41D8-93FF-D0F65DDBD2E1}.Ad-Hoc|iPhone.ActiveCfg = Release|Any CPU
		{F4796C43-2D72-41D8-93FF-D0F65DDBD2E1}.Ad-Hoc|iPhone.Build.0 = Release|Any CPU
		{F4796C43-2D72-41D8-93FF-D0F65DDBD2E1}.Ad-Hoc|iPhone.Deploy.0 = Release|Any CPU
		{F4796C43-2D72-41D8-93FF-D0F65DDBD2E1}.Ad-Hoc|iPhoneSimulator.ActiveCfg = Release|Any CPU
		{F4796C43-2D72-41D8-93FF-D0F65DDBD2E1}.Ad-Hoc|iPhoneSimulator.Build.0 = Release|Any CPU
		{F4796C43-2D72-41D8-93FF-D0F65DDBD2E1}.Ad-Hoc|iPhoneSimulator.Deploy.0 = Release|Any CPU
		{F4796C43-2D72-41D8-93FF-D0F65DDBD2E1}.Ad-Hoc|x64.ActiveCfg = Release|Any CPU
		{F4796C43-2D72-41D8-93FF-D0F65DDBD2E1}.Ad-Hoc|x64.Build.0 = Release|Any CPU
		{F4796C43-2D72-41D8-93FF-D0F65DDBD2E1}.Ad-Hoc|x64.Deploy.0 = Release|Any CPU
		{F4796C43-2D72-41D8-93FF-D0F65DDBD2E1}.Ad-Hoc|x86.ActiveCfg = Release|Any CPU
		{F4796C43-2D72-41D8-93FF-D0F65DDBD2E1}.Ad-Hoc|x86.Build.0 = Release|Any CPU
		{F4796C43-2D72-41D8-93FF-D0F65DDBD2E1}.Ad-Hoc|x86.Deploy.0 = Release|Any CPU
		{F4796C43-2D72-41D8-93FF-D0F65DDBD2E1}.AppStore|Any CPU.ActiveCfg = Release|Any CPU
		{F4796C43-2D72-41D8-93FF-D0F65DDBD2E1}.AppStore|Any CPU.Build.0 = Release|Any CPU
		{F4796C43-2D72-41D8-93FF-D0F65DDBD2E1}.AppStore|Any CPU.Deploy.0 = Release|Any CPU
		{F4796C43-2D72-41D8-93FF-D0F65DDBD2E1}.AppStore|ARM.ActiveCfg = Release|Any CPU
		{F4796C43-2D72-41D8-93FF-D0F65DDBD2E1}.AppStore|ARM.Build.0 = Release|Any CPU
		{F4796C43-2D72-41D8-93FF-D0F65DDBD2E1}.AppStore|ARM.Deploy.0 = Release|Any CPU
		{F4796C43-2D72-41D8-93FF-D0F65DDBD2E1}.AppStore|ARM64.ActiveCfg = Debug|Any CPU
		{F4796C43-2D72-41D8-93FF-D0F65DDBD2E1}.AppStore|ARM64.Build.0 = Debug|Any CPU
		{F4796C43-2D72-41D8-93FF-D0F65DDBD2E1}.AppStore|ARM64.Deploy.0 = Debug|Any CPU
		{F4796C43-2D72-41D8-93FF-D0F65DDBD2E1}.AppStore|iPhone.ActiveCfg = Release|Any CPU
		{F4796C43-2D72-41D8-93FF-D0F65DDBD2E1}.AppStore|iPhone.Build.0 = Release|Any CPU
		{F4796C43-2D72-41D8-93FF-D0F65DDBD2E1}.AppStore|iPhone.Deploy.0 = Release|Any CPU
		{F4796C43-2D72-41D8-93FF-D0F65DDBD2E1}.AppStore|iPhoneSimulator.ActiveCfg = Release|Any CPU
		{F4796C43-2D72-41D8-93FF-D0F65DDBD2E1}.AppStore|iPhoneSimulator.Build.0 = Release|Any CPU
		{F4796C43-2D72-41D8-93FF-D0F65DDBD2E1}.AppStore|iPhoneSimulator.Deploy.0 = Release|Any CPU
		{F4796C43-2D72-41D8-93FF-D0F65DDBD2E1}.AppStore|x64.ActiveCfg = Release|Any CPU
		{F4796C43-2D72-41D8-93FF-D0F65DDBD2E1}.AppStore|x64.Build.0 = Release|Any CPU
		{F4796C43-2D72-41D8-93FF-D0F65DDBD2E1}.AppStore|x64.Deploy.0 = Release|Any CPU
		{F4796C43-2D72-41D8-93FF-D0F65DDBD2E1}.AppStore|x86.ActiveCfg = Release|Any CPU
		{F4796C43-2D72-41D8-93FF-D0F65DDBD2E1}.AppStore|x86.Build.0 = Release|Any CPU
		{F4796C43-2D72-41D8-93FF-D0F65DDBD2E1}.AppStore|x86.Deploy.0 = Release|Any CPU
		{F4796C43-2D72-41D8-93FF-D0F65DDBD2E1}.Debug|Any CPU.ActiveCfg = Debug|Any CPU
		{F4796C43-2D72-41D8-93FF-D0F65DDBD2E1}.Debug|Any CPU.Build.0 = Debug|Any CPU
		{F4796C43-2D72-41D8-93FF-D0F65DDBD2E1}.Debug|Any CPU.Deploy.0 = Debug|Any CPU
		{F4796C43-2D72-41D8-93FF-D0F65DDBD2E1}.Debug|ARM.ActiveCfg = Debug|Any CPU
		{F4796C43-2D72-41D8-93FF-D0F65DDBD2E1}.Debug|ARM.Build.0 = Debug|Any CPU
		{F4796C43-2D72-41D8-93FF-D0F65DDBD2E1}.Debug|ARM.Deploy.0 = Debug|Any CPU
		{F4796C43-2D72-41D8-93FF-D0F65DDBD2E1}.Debug|ARM64.ActiveCfg = Debug|Any CPU
		{F4796C43-2D72-41D8-93FF-D0F65DDBD2E1}.Debug|ARM64.Build.0 = Debug|Any CPU
		{F4796C43-2D72-41D8-93FF-D0F65DDBD2E1}.Debug|ARM64.Deploy.0 = Debug|Any CPU
		{F4796C43-2D72-41D8-93FF-D0F65DDBD2E1}.Debug|iPhone.ActiveCfg = Debug|Any CPU
		{F4796C43-2D72-41D8-93FF-D0F65DDBD2E1}.Debug|iPhone.Build.0 = Debug|Any CPU
		{F4796C43-2D72-41D8-93FF-D0F65DDBD2E1}.Debug|iPhone.Deploy.0 = Debug|Any CPU
		{F4796C43-2D72-41D8-93FF-D0F65DDBD2E1}.Debug|iPhoneSimulator.ActiveCfg = Debug|Any CPU
		{F4796C43-2D72-41D8-93FF-D0F65DDBD2E1}.Debug|iPhoneSimulator.Build.0 = Debug|Any CPU
		{F4796C43-2D72-41D8-93FF-D0F65DDBD2E1}.Debug|iPhoneSimulator.Deploy.0 = Debug|Any CPU
		{F4796C43-2D72-41D8-93FF-D0F65DDBD2E1}.Debug|x64.ActiveCfg = Debug|Any CPU
		{F4796C43-2D72-41D8-93FF-D0F65DDBD2E1}.Debug|x64.Build.0 = Debug|Any CPU
		{F4796C43-2D72-41D8-93FF-D0F65DDBD2E1}.Debug|x64.Deploy.0 = Debug|Any CPU
		{F4796C43-2D72-41D8-93FF-D0F65DDBD2E1}.Debug|x86.ActiveCfg = Debug|Any CPU
		{F4796C43-2D72-41D8-93FF-D0F65DDBD2E1}.Debug|x86.Build.0 = Debug|Any CPU
		{F4796C43-2D72-41D8-93FF-D0F65DDBD2E1}.Debug|x86.Deploy.0 = Debug|Any CPU
		{F4796C43-2D72-41D8-93FF-D0F65DDBD2E1}.Release|Any CPU.ActiveCfg = Release|Any CPU
		{F4796C43-2D72-41D8-93FF-D0F65DDBD2E1}.Release|Any CPU.Build.0 = Release|Any CPU
		{F4796C43-2D72-41D8-93FF-D0F65DDBD2E1}.Release|Any CPU.Deploy.0 = Release|Any CPU
		{F4796C43-2D72-41D8-93FF-D0F65DDBD2E1}.Release|ARM.ActiveCfg = Release|Any CPU
		{F4796C43-2D72-41D8-93FF-D0F65DDBD2E1}.Release|ARM.Build.0 = Release|Any CPU
		{F4796C43-2D72-41D8-93FF-D0F65DDBD2E1}.Release|ARM.Deploy.0 = Release|Any CPU
		{F4796C43-2D72-41D8-93FF-D0F65DDBD2E1}.Release|ARM64.ActiveCfg = Release|Any CPU
		{F4796C43-2D72-41D8-93FF-D0F65DDBD2E1}.Release|ARM64.Build.0 = Release|Any CPU
		{F4796C43-2D72-41D8-93FF-D0F65DDBD2E1}.Release|ARM64.Deploy.0 = Release|Any CPU
		{F4796C43-2D72-41D8-93FF-D0F65DDBD2E1}.Release|iPhone.ActiveCfg = Release|Any CPU
		{F4796C43-2D72-41D8-93FF-D0F65DDBD2E1}.Release|iPhone.Build.0 = Release|Any CPU
		{F4796C43-2D72-41D8-93FF-D0F65DDBD2E1}.Release|iPhone.Deploy.0 = Release|Any CPU
		{F4796C43-2D72-41D8-93FF-D0F65DDBD2E1}.Release|iPhoneSimulator.ActiveCfg = Release|Any CPU
		{F4796C43-2D72-41D8-93FF-D0F65DDBD2E1}.Release|iPhoneSimulator.Build.0 = Release|Any CPU
		{F4796C43-2D72-41D8-93FF-D0F65DDBD2E1}.Release|iPhoneSimulator.Deploy.0 = Release|Any CPU
		{F4796C43-2D72-41D8-93FF-D0F65DDBD2E1}.Release|x64.ActiveCfg = Release|Any CPU
		{F4796C43-2D72-41D8-93FF-D0F65DDBD2E1}.Release|x64.Build.0 = Release|Any CPU
		{F4796C43-2D72-41D8-93FF-D0F65DDBD2E1}.Release|x64.Deploy.0 = Release|Any CPU
		{F4796C43-2D72-41D8-93FF-D0F65DDBD2E1}.Release|x86.ActiveCfg = Release|Any CPU
		{F4796C43-2D72-41D8-93FF-D0F65DDBD2E1}.Release|x86.Build.0 = Release|Any CPU
		{F4796C43-2D72-41D8-93FF-D0F65DDBD2E1}.Release|x86.Deploy.0 = Release|Any CPU
		{27C4E1E5-B770-4E89-967F-33EE95A30CF0}.Ad-Hoc|Any CPU.ActiveCfg = Ad-Hoc|iPhone
		{27C4E1E5-B770-4E89-967F-33EE95A30CF0}.Ad-Hoc|ARM.ActiveCfg = Ad-Hoc|iPhone
		{27C4E1E5-B770-4E89-967F-33EE95A30CF0}.Ad-Hoc|ARM64.ActiveCfg = Ad-Hoc|iPhoneSimulator
		{27C4E1E5-B770-4E89-967F-33EE95A30CF0}.Ad-Hoc|iPhone.ActiveCfg = Ad-Hoc|iPhone
		{27C4E1E5-B770-4E89-967F-33EE95A30CF0}.Ad-Hoc|iPhone.Build.0 = Ad-Hoc|iPhone
		{27C4E1E5-B770-4E89-967F-33EE95A30CF0}.Ad-Hoc|iPhoneSimulator.ActiveCfg = Ad-Hoc|iPhoneSimulator
		{27C4E1E5-B770-4E89-967F-33EE95A30CF0}.Ad-Hoc|iPhoneSimulator.Build.0 = Ad-Hoc|iPhoneSimulator
		{27C4E1E5-B770-4E89-967F-33EE95A30CF0}.Ad-Hoc|x64.ActiveCfg = Ad-Hoc|iPhone
		{27C4E1E5-B770-4E89-967F-33EE95A30CF0}.Ad-Hoc|x86.ActiveCfg = Ad-Hoc|iPhone
		{27C4E1E5-B770-4E89-967F-33EE95A30CF0}.AppStore|Any CPU.ActiveCfg = AppStore|iPhone
		{27C4E1E5-B770-4E89-967F-33EE95A30CF0}.AppStore|ARM.ActiveCfg = AppStore|iPhone
		{27C4E1E5-B770-4E89-967F-33EE95A30CF0}.AppStore|ARM64.ActiveCfg = AppStore|iPhoneSimulator
		{27C4E1E5-B770-4E89-967F-33EE95A30CF0}.AppStore|iPhone.ActiveCfg = AppStore|iPhone
		{27C4E1E5-B770-4E89-967F-33EE95A30CF0}.AppStore|iPhone.Build.0 = AppStore|iPhone
		{27C4E1E5-B770-4E89-967F-33EE95A30CF0}.AppStore|iPhoneSimulator.ActiveCfg = AppStore|iPhoneSimulator
		{27C4E1E5-B770-4E89-967F-33EE95A30CF0}.AppStore|iPhoneSimulator.Build.0 = AppStore|iPhoneSimulator
		{27C4E1E5-B770-4E89-967F-33EE95A30CF0}.AppStore|x64.ActiveCfg = AppStore|iPhone
		{27C4E1E5-B770-4E89-967F-33EE95A30CF0}.AppStore|x86.ActiveCfg = AppStore|iPhone
		{27C4E1E5-B770-4E89-967F-33EE95A30CF0}.Debug|Any CPU.ActiveCfg = Debug|iPhone
		{27C4E1E5-B770-4E89-967F-33EE95A30CF0}.Debug|ARM.ActiveCfg = Debug|iPhone
		{27C4E1E5-B770-4E89-967F-33EE95A30CF0}.Debug|ARM64.ActiveCfg = Debug|iPhoneSimulator
		{27C4E1E5-B770-4E89-967F-33EE95A30CF0}.Debug|iPhone.ActiveCfg = Debug|iPhone
		{27C4E1E5-B770-4E89-967F-33EE95A30CF0}.Debug|iPhone.Build.0 = Debug|iPhone
		{27C4E1E5-B770-4E89-967F-33EE95A30CF0}.Debug|iPhoneSimulator.ActiveCfg = Debug|iPhoneSimulator
		{27C4E1E5-B770-4E89-967F-33EE95A30CF0}.Debug|iPhoneSimulator.Build.0 = Debug|iPhoneSimulator
		{27C4E1E5-B770-4E89-967F-33EE95A30CF0}.Debug|x64.ActiveCfg = Debug|iPhone
		{27C4E1E5-B770-4E89-967F-33EE95A30CF0}.Debug|x86.ActiveCfg = Debug|iPhone
		{27C4E1E5-B770-4E89-967F-33EE95A30CF0}.Release|Any CPU.ActiveCfg = Release|iPhone
		{27C4E1E5-B770-4E89-967F-33EE95A30CF0}.Release|ARM.ActiveCfg = Release|iPhone
		{27C4E1E5-B770-4E89-967F-33EE95A30CF0}.Release|ARM64.ActiveCfg = Release|iPhoneSimulator
		{27C4E1E5-B770-4E89-967F-33EE95A30CF0}.Release|iPhone.ActiveCfg = Release|iPhone
		{27C4E1E5-B770-4E89-967F-33EE95A30CF0}.Release|iPhone.Build.0 = Release|iPhone
		{27C4E1E5-B770-4E89-967F-33EE95A30CF0}.Release|iPhoneSimulator.ActiveCfg = Release|iPhoneSimulator
		{27C4E1E5-B770-4E89-967F-33EE95A30CF0}.Release|iPhoneSimulator.Build.0 = Release|iPhoneSimulator
		{27C4E1E5-B770-4E89-967F-33EE95A30CF0}.Release|x64.ActiveCfg = Release|iPhone
		{27C4E1E5-B770-4E89-967F-33EE95A30CF0}.Release|x86.ActiveCfg = Release|iPhone
		{C39E4269-1399-438F-8795-CD43CE938E8C}.Ad-Hoc|Any CPU.ActiveCfg = Release|x64
		{C39E4269-1399-438F-8795-CD43CE938E8C}.Ad-Hoc|Any CPU.Build.0 = Release|x64
		{C39E4269-1399-438F-8795-CD43CE938E8C}.Ad-Hoc|Any CPU.Deploy.0 = Release|x64
		{C39E4269-1399-438F-8795-CD43CE938E8C}.Ad-Hoc|ARM.ActiveCfg = Release|ARM
		{C39E4269-1399-438F-8795-CD43CE938E8C}.Ad-Hoc|ARM.Build.0 = Release|ARM
		{C39E4269-1399-438F-8795-CD43CE938E8C}.Ad-Hoc|ARM.Deploy.0 = Release|ARM
		{C39E4269-1399-438F-8795-CD43CE938E8C}.Ad-Hoc|ARM64.ActiveCfg = Debug|x64
		{C39E4269-1399-438F-8795-CD43CE938E8C}.Ad-Hoc|ARM64.Build.0 = Debug|x64
		{C39E4269-1399-438F-8795-CD43CE938E8C}.Ad-Hoc|ARM64.Deploy.0 = Debug|x64
		{C39E4269-1399-438F-8795-CD43CE938E8C}.Ad-Hoc|iPhone.ActiveCfg = Release|x64
		{C39E4269-1399-438F-8795-CD43CE938E8C}.Ad-Hoc|iPhone.Build.0 = Release|x64
		{C39E4269-1399-438F-8795-CD43CE938E8C}.Ad-Hoc|iPhone.Deploy.0 = Release|x64
		{C39E4269-1399-438F-8795-CD43CE938E8C}.Ad-Hoc|iPhoneSimulator.ActiveCfg = Release|x64
		{C39E4269-1399-438F-8795-CD43CE938E8C}.Ad-Hoc|iPhoneSimulator.Build.0 = Release|x64
		{C39E4269-1399-438F-8795-CD43CE938E8C}.Ad-Hoc|iPhoneSimulator.Deploy.0 = Release|x64
		{C39E4269-1399-438F-8795-CD43CE938E8C}.Ad-Hoc|x64.ActiveCfg = Release|x64
		{C39E4269-1399-438F-8795-CD43CE938E8C}.Ad-Hoc|x64.Build.0 = Release|x64
		{C39E4269-1399-438F-8795-CD43CE938E8C}.Ad-Hoc|x64.Deploy.0 = Release|x64
		{C39E4269-1399-438F-8795-CD43CE938E8C}.Ad-Hoc|x86.ActiveCfg = Release|x86
		{C39E4269-1399-438F-8795-CD43CE938E8C}.Ad-Hoc|x86.Build.0 = Release|x86
		{C39E4269-1399-438F-8795-CD43CE938E8C}.Ad-Hoc|x86.Deploy.0 = Release|x86
		{C39E4269-1399-438F-8795-CD43CE938E8C}.AppStore|Any CPU.ActiveCfg = Release|x64
		{C39E4269-1399-438F-8795-CD43CE938E8C}.AppStore|Any CPU.Build.0 = Release|x64
		{C39E4269-1399-438F-8795-CD43CE938E8C}.AppStore|Any CPU.Deploy.0 = Release|x64
		{C39E4269-1399-438F-8795-CD43CE938E8C}.AppStore|ARM.ActiveCfg = Release|ARM
		{C39E4269-1399-438F-8795-CD43CE938E8C}.AppStore|ARM.Build.0 = Release|ARM
		{C39E4269-1399-438F-8795-CD43CE938E8C}.AppStore|ARM.Deploy.0 = Release|ARM
		{C39E4269-1399-438F-8795-CD43CE938E8C}.AppStore|ARM64.ActiveCfg = Debug|x64
		{C39E4269-1399-438F-8795-CD43CE938E8C}.AppStore|ARM64.Build.0 = Debug|x64
		{C39E4269-1399-438F-8795-CD43CE938E8C}.AppStore|ARM64.Deploy.0 = Debug|x64
		{C39E4269-1399-438F-8795-CD43CE938E8C}.AppStore|iPhone.ActiveCfg = Release|x64
		{C39E4269-1399-438F-8795-CD43CE938E8C}.AppStore|iPhone.Build.0 = Release|x64
		{C39E4269-1399-438F-8795-CD43CE938E8C}.AppStore|iPhone.Deploy.0 = Release|x64
		{C39E4269-1399-438F-8795-CD43CE938E8C}.AppStore|iPhoneSimulator.ActiveCfg = Release|x64
		{C39E4269-1399-438F-8795-CD43CE938E8C}.AppStore|iPhoneSimulator.Build.0 = Release|x64
		{C39E4269-1399-438F-8795-CD43CE938E8C}.AppStore|iPhoneSimulator.Deploy.0 = Release|x64
		{C39E4269-1399-438F-8795-CD43CE938E8C}.AppStore|x64.ActiveCfg = Release|x64
		{C39E4269-1399-438F-8795-CD43CE938E8C}.AppStore|x64.Build.0 = Release|x64
		{C39E4269-1399-438F-8795-CD43CE938E8C}.AppStore|x64.Deploy.0 = Release|x64
		{C39E4269-1399-438F-8795-CD43CE938E8C}.AppStore|x86.ActiveCfg = Release|x86
		{C39E4269-1399-438F-8795-CD43CE938E8C}.AppStore|x86.Build.0 = Release|x86
		{C39E4269-1399-438F-8795-CD43CE938E8C}.AppStore|x86.Deploy.0 = Release|x86
		{C39E4269-1399-438F-8795-CD43CE938E8C}.Debug|Any CPU.ActiveCfg = Debug|x86
		{C39E4269-1399-438F-8795-CD43CE938E8C}.Debug|ARM.ActiveCfg = Debug|ARM
		{C39E4269-1399-438F-8795-CD43CE938E8C}.Debug|ARM.Build.0 = Debug|ARM
		{C39E4269-1399-438F-8795-CD43CE938E8C}.Debug|ARM.Deploy.0 = Debug|ARM
		{C39E4269-1399-438F-8795-CD43CE938E8C}.Debug|ARM64.ActiveCfg = Debug|x86
		{C39E4269-1399-438F-8795-CD43CE938E8C}.Debug|iPhone.ActiveCfg = Debug|x86
		{C39E4269-1399-438F-8795-CD43CE938E8C}.Debug|iPhoneSimulator.ActiveCfg = Debug|x86
		{C39E4269-1399-438F-8795-CD43CE938E8C}.Debug|x64.ActiveCfg = Debug|x64
		{C39E4269-1399-438F-8795-CD43CE938E8C}.Debug|x64.Build.0 = Debug|x64
		{C39E4269-1399-438F-8795-CD43CE938E8C}.Debug|x64.Deploy.0 = Debug|x64
		{C39E4269-1399-438F-8795-CD43CE938E8C}.Debug|x86.ActiveCfg = Debug|x86
		{C39E4269-1399-438F-8795-CD43CE938E8C}.Debug|x86.Build.0 = Debug|x86
		{C39E4269-1399-438F-8795-CD43CE938E8C}.Debug|x86.Deploy.0 = Debug|x86
		{C39E4269-1399-438F-8795-CD43CE938E8C}.Release|Any CPU.ActiveCfg = Release|x86
		{C39E4269-1399-438F-8795-CD43CE938E8C}.Release|ARM.ActiveCfg = Release|ARM
		{C39E4269-1399-438F-8795-CD43CE938E8C}.Release|ARM.Build.0 = Release|ARM
		{C39E4269-1399-438F-8795-CD43CE938E8C}.Release|ARM.Deploy.0 = Release|ARM
		{C39E4269-1399-438F-8795-CD43CE938E8C}.Release|ARM64.ActiveCfg = Release|x86
		{C39E4269-1399-438F-8795-CD43CE938E8C}.Release|iPhone.ActiveCfg = Release|x86
		{C39E4269-1399-438F-8795-CD43CE938E8C}.Release|iPhoneSimulator.ActiveCfg = Release|x86
		{C39E4269-1399-438F-8795-CD43CE938E8C}.Release|x64.ActiveCfg = Release|x64
		{C39E4269-1399-438F-8795-CD43CE938E8C}.Release|x64.Build.0 = Release|x64
		{C39E4269-1399-438F-8795-CD43CE938E8C}.Release|x64.Deploy.0 = Release|x64
		{C39E4269-1399-438F-8795-CD43CE938E8C}.Release|x86.ActiveCfg = Release|x86
		{C39E4269-1399-438F-8795-CD43CE938E8C}.Release|x86.Build.0 = Release|x86
		{C39E4269-1399-438F-8795-CD43CE938E8C}.Release|x86.Deploy.0 = Release|x86
		{52A8D626-9752-4A02-8EFA-2CC92E0098C6}.Ad-Hoc|Any CPU.ActiveCfg = Debug|Any CPU
		{52A8D626-9752-4A02-8EFA-2CC92E0098C6}.Ad-Hoc|Any CPU.Build.0 = Debug|Any CPU
		{52A8D626-9752-4A02-8EFA-2CC92E0098C6}.Ad-Hoc|ARM.ActiveCfg = Debug|Any CPU
		{52A8D626-9752-4A02-8EFA-2CC92E0098C6}.Ad-Hoc|ARM.Build.0 = Debug|Any CPU
		{52A8D626-9752-4A02-8EFA-2CC92E0098C6}.Ad-Hoc|ARM64.ActiveCfg = Release|Any CPU
		{52A8D626-9752-4A02-8EFA-2CC92E0098C6}.Ad-Hoc|ARM64.Build.0 = Release|Any CPU
		{52A8D626-9752-4A02-8EFA-2CC92E0098C6}.Ad-Hoc|iPhone.ActiveCfg = Debug|Any CPU
		{52A8D626-9752-4A02-8EFA-2CC92E0098C6}.Ad-Hoc|iPhone.Build.0 = Debug|Any CPU
		{52A8D626-9752-4A02-8EFA-2CC92E0098C6}.Ad-Hoc|iPhoneSimulator.ActiveCfg = Debug|Any CPU
		{52A8D626-9752-4A02-8EFA-2CC92E0098C6}.Ad-Hoc|iPhoneSimulator.Build.0 = Debug|Any CPU
		{52A8D626-9752-4A02-8EFA-2CC92E0098C6}.Ad-Hoc|x64.ActiveCfg = Debug|Any CPU
		{52A8D626-9752-4A02-8EFA-2CC92E0098C6}.Ad-Hoc|x64.Build.0 = Debug|Any CPU
		{52A8D626-9752-4A02-8EFA-2CC92E0098C6}.Ad-Hoc|x86.ActiveCfg = Debug|Any CPU
		{52A8D626-9752-4A02-8EFA-2CC92E0098C6}.Ad-Hoc|x86.Build.0 = Debug|Any CPU
		{52A8D626-9752-4A02-8EFA-2CC92E0098C6}.AppStore|Any CPU.ActiveCfg = Debug|Any CPU
		{52A8D626-9752-4A02-8EFA-2CC92E0098C6}.AppStore|Any CPU.Build.0 = Debug|Any CPU
		{52A8D626-9752-4A02-8EFA-2CC92E0098C6}.AppStore|ARM.ActiveCfg = Debug|Any CPU
		{52A8D626-9752-4A02-8EFA-2CC92E0098C6}.AppStore|ARM.Build.0 = Debug|Any CPU
		{52A8D626-9752-4A02-8EFA-2CC92E0098C6}.AppStore|ARM64.ActiveCfg = Release|Any CPU
		{52A8D626-9752-4A02-8EFA-2CC92E0098C6}.AppStore|ARM64.Build.0 = Release|Any CPU
		{52A8D626-9752-4A02-8EFA-2CC92E0098C6}.AppStore|iPhone.ActiveCfg = Debug|Any CPU
		{52A8D626-9752-4A02-8EFA-2CC92E0098C6}.AppStore|iPhone.Build.0 = Debug|Any CPU
		{52A8D626-9752-4A02-8EFA-2CC92E0098C6}.AppStore|iPhoneSimulator.ActiveCfg = Debug|Any CPU
		{52A8D626-9752-4A02-8EFA-2CC92E0098C6}.AppStore|iPhoneSimulator.Build.0 = Debug|Any CPU
		{52A8D626-9752-4A02-8EFA-2CC92E0098C6}.AppStore|x64.ActiveCfg = Debug|Any CPU
		{52A8D626-9752-4A02-8EFA-2CC92E0098C6}.AppStore|x64.Build.0 = Debug|Any CPU
		{52A8D626-9752-4A02-8EFA-2CC92E0098C6}.AppStore|x86.ActiveCfg = Debug|Any CPU
		{52A8D626-9752-4A02-8EFA-2CC92E0098C6}.AppStore|x86.Build.0 = Debug|Any CPU
		{52A8D626-9752-4A02-8EFA-2CC92E0098C6}.Debug|Any CPU.ActiveCfg = Debug|Any CPU
		{52A8D626-9752-4A02-8EFA-2CC92E0098C6}.Debug|Any CPU.Build.0 = Debug|Any CPU
		{52A8D626-9752-4A02-8EFA-2CC92E0098C6}.Debug|ARM.ActiveCfg = Debug|Any CPU
		{52A8D626-9752-4A02-8EFA-2CC92E0098C6}.Debug|ARM.Build.0 = Debug|Any CPU
		{52A8D626-9752-4A02-8EFA-2CC92E0098C6}.Debug|ARM64.ActiveCfg = Debug|Any CPU
		{52A8D626-9752-4A02-8EFA-2CC92E0098C6}.Debug|ARM64.Build.0 = Debug|Any CPU
		{52A8D626-9752-4A02-8EFA-2CC92E0098C6}.Debug|iPhone.ActiveCfg = Debug|Any CPU
		{52A8D626-9752-4A02-8EFA-2CC92E0098C6}.Debug|iPhone.Build.0 = Debug|Any CPU
		{52A8D626-9752-4A02-8EFA-2CC92E0098C6}.Debug|iPhoneSimulator.ActiveCfg = Debug|Any CPU
		{52A8D626-9752-4A02-8EFA-2CC92E0098C6}.Debug|iPhoneSimulator.Build.0 = Debug|Any CPU
		{52A8D626-9752-4A02-8EFA-2CC92E0098C6}.Debug|x64.ActiveCfg = Debug|Any CPU
		{52A8D626-9752-4A02-8EFA-2CC92E0098C6}.Debug|x64.Build.0 = Debug|Any CPU
		{52A8D626-9752-4A02-8EFA-2CC92E0098C6}.Debug|x86.ActiveCfg = Debug|Any CPU
		{52A8D626-9752-4A02-8EFA-2CC92E0098C6}.Debug|x86.Build.0 = Debug|Any CPU
		{52A8D626-9752-4A02-8EFA-2CC92E0098C6}.Release|Any CPU.ActiveCfg = Release|Any CPU
		{52A8D626-9752-4A02-8EFA-2CC92E0098C6}.Release|Any CPU.Build.0 = Release|Any CPU
		{52A8D626-9752-4A02-8EFA-2CC92E0098C6}.Release|ARM.ActiveCfg = Release|Any CPU
		{52A8D626-9752-4A02-8EFA-2CC92E0098C6}.Release|ARM.Build.0 = Release|Any CPU
		{52A8D626-9752-4A02-8EFA-2CC92E0098C6}.Release|ARM64.ActiveCfg = Release|Any CPU
		{52A8D626-9752-4A02-8EFA-2CC92E0098C6}.Release|ARM64.Build.0 = Release|Any CPU
		{52A8D626-9752-4A02-8EFA-2CC92E0098C6}.Release|iPhone.ActiveCfg = Release|Any CPU
		{52A8D626-9752-4A02-8EFA-2CC92E0098C6}.Release|iPhone.Build.0 = Release|Any CPU
		{52A8D626-9752-4A02-8EFA-2CC92E0098C6}.Release|iPhoneSimulator.ActiveCfg = Release|Any CPU
		{52A8D626-9752-4A02-8EFA-2CC92E0098C6}.Release|iPhoneSimulator.Build.0 = Release|Any CPU
		{52A8D626-9752-4A02-8EFA-2CC92E0098C6}.Release|x64.ActiveCfg = Release|Any CPU
		{52A8D626-9752-4A02-8EFA-2CC92E0098C6}.Release|x64.Build.0 = Release|Any CPU
		{52A8D626-9752-4A02-8EFA-2CC92E0098C6}.Release|x86.ActiveCfg = Release|Any CPU
		{52A8D626-9752-4A02-8EFA-2CC92E0098C6}.Release|x86.Build.0 = Release|Any CPU
		{25C99643-DBDF-4990-B158-97B6B6C4F352}.Ad-Hoc|Any CPU.ActiveCfg = Debug|Any CPU
		{25C99643-DBDF-4990-B158-97B6B6C4F352}.Ad-Hoc|Any CPU.Build.0 = Debug|Any CPU
		{25C99643-DBDF-4990-B158-97B6B6C4F352}.Ad-Hoc|ARM.ActiveCfg = Debug|Any CPU
		{25C99643-DBDF-4990-B158-97B6B6C4F352}.Ad-Hoc|ARM.Build.0 = Debug|Any CPU
		{25C99643-DBDF-4990-B158-97B6B6C4F352}.Ad-Hoc|ARM64.ActiveCfg = Release|Any CPU
		{25C99643-DBDF-4990-B158-97B6B6C4F352}.Ad-Hoc|ARM64.Build.0 = Release|Any CPU
		{25C99643-DBDF-4990-B158-97B6B6C4F352}.Ad-Hoc|iPhone.ActiveCfg = Debug|Any CPU
		{25C99643-DBDF-4990-B158-97B6B6C4F352}.Ad-Hoc|iPhone.Build.0 = Debug|Any CPU
		{25C99643-DBDF-4990-B158-97B6B6C4F352}.Ad-Hoc|iPhoneSimulator.ActiveCfg = Debug|Any CPU
		{25C99643-DBDF-4990-B158-97B6B6C4F352}.Ad-Hoc|iPhoneSimulator.Build.0 = Debug|Any CPU
		{25C99643-DBDF-4990-B158-97B6B6C4F352}.Ad-Hoc|x64.ActiveCfg = Debug|Any CPU
		{25C99643-DBDF-4990-B158-97B6B6C4F352}.Ad-Hoc|x64.Build.0 = Debug|Any CPU
		{25C99643-DBDF-4990-B158-97B6B6C4F352}.Ad-Hoc|x86.ActiveCfg = Debug|Any CPU
		{25C99643-DBDF-4990-B158-97B6B6C4F352}.Ad-Hoc|x86.Build.0 = Debug|Any CPU
		{25C99643-DBDF-4990-B158-97B6B6C4F352}.AppStore|Any CPU.ActiveCfg = Debug|Any CPU
		{25C99643-DBDF-4990-B158-97B6B6C4F352}.AppStore|Any CPU.Build.0 = Debug|Any CPU
		{25C99643-DBDF-4990-B158-97B6B6C4F352}.AppStore|ARM.ActiveCfg = Debug|Any CPU
		{25C99643-DBDF-4990-B158-97B6B6C4F352}.AppStore|ARM.Build.0 = Debug|Any CPU
		{25C99643-DBDF-4990-B158-97B6B6C4F352}.AppStore|ARM64.ActiveCfg = Release|Any CPU
		{25C99643-DBDF-4990-B158-97B6B6C4F352}.AppStore|ARM64.Build.0 = Release|Any CPU
		{25C99643-DBDF-4990-B158-97B6B6C4F352}.AppStore|iPhone.ActiveCfg = Debug|Any CPU
		{25C99643-DBDF-4990-B158-97B6B6C4F352}.AppStore|iPhone.Build.0 = Debug|Any CPU
		{25C99643-DBDF-4990-B158-97B6B6C4F352}.AppStore|iPhoneSimulator.ActiveCfg = Debug|Any CPU
		{25C99643-DBDF-4990-B158-97B6B6C4F352}.AppStore|iPhoneSimulator.Build.0 = Debug|Any CPU
		{25C99643-DBDF-4990-B158-97B6B6C4F352}.AppStore|x64.ActiveCfg = Debug|Any CPU
		{25C99643-DBDF-4990-B158-97B6B6C4F352}.AppStore|x64.Build.0 = Debug|Any CPU
		{25C99643-DBDF-4990-B158-97B6B6C4F352}.AppStore|x86.ActiveCfg = Debug|Any CPU
		{25C99643-DBDF-4990-B158-97B6B6C4F352}.AppStore|x86.Build.0 = Debug|Any CPU
		{25C99643-DBDF-4990-B158-97B6B6C4F352}.Debug|Any CPU.ActiveCfg = Debug|Any CPU
		{25C99643-DBDF-4990-B158-97B6B6C4F352}.Debug|Any CPU.Build.0 = Debug|Any CPU
		{25C99643-DBDF-4990-B158-97B6B6C4F352}.Debug|ARM.ActiveCfg = Debug|Any CPU
		{25C99643-DBDF-4990-B158-97B6B6C4F352}.Debug|ARM.Build.0 = Debug|Any CPU
		{25C99643-DBDF-4990-B158-97B6B6C4F352}.Debug|ARM64.ActiveCfg = Debug|Any CPU
		{25C99643-DBDF-4990-B158-97B6B6C4F352}.Debug|ARM64.Build.0 = Debug|Any CPU
		{25C99643-DBDF-4990-B158-97B6B6C4F352}.Debug|iPhone.ActiveCfg = Debug|Any CPU
		{25C99643-DBDF-4990-B158-97B6B6C4F352}.Debug|iPhone.Build.0 = Debug|Any CPU
		{25C99643-DBDF-4990-B158-97B6B6C4F352}.Debug|iPhoneSimulator.ActiveCfg = Debug|Any CPU
		{25C99643-DBDF-4990-B158-97B6B6C4F352}.Debug|iPhoneSimulator.Build.0 = Debug|Any CPU
		{25C99643-DBDF-4990-B158-97B6B6C4F352}.Debug|x64.ActiveCfg = Debug|Any CPU
		{25C99643-DBDF-4990-B158-97B6B6C4F352}.Debug|x64.Build.0 = Debug|Any CPU
		{25C99643-DBDF-4990-B158-97B6B6C4F352}.Debug|x86.ActiveCfg = Debug|Any CPU
		{25C99643-DBDF-4990-B158-97B6B6C4F352}.Debug|x86.Build.0 = Debug|Any CPU
		{25C99643-DBDF-4990-B158-97B6B6C4F352}.Release|Any CPU.ActiveCfg = Release|Any CPU
		{25C99643-DBDF-4990-B158-97B6B6C4F352}.Release|Any CPU.Build.0 = Release|Any CPU
		{25C99643-DBDF-4990-B158-97B6B6C4F352}.Release|ARM.ActiveCfg = Release|Any CPU
		{25C99643-DBDF-4990-B158-97B6B6C4F352}.Release|ARM.Build.0 = Release|Any CPU
		{25C99643-DBDF-4990-B158-97B6B6C4F352}.Release|ARM64.ActiveCfg = Release|Any CPU
		{25C99643-DBDF-4990-B158-97B6B6C4F352}.Release|ARM64.Build.0 = Release|Any CPU
		{25C99643-DBDF-4990-B158-97B6B6C4F352}.Release|iPhone.ActiveCfg = Release|Any CPU
		{25C99643-DBDF-4990-B158-97B6B6C4F352}.Release|iPhone.Build.0 = Release|Any CPU
		{25C99643-DBDF-4990-B158-97B6B6C4F352}.Release|iPhoneSimulator.ActiveCfg = Release|Any CPU
		{25C99643-DBDF-4990-B158-97B6B6C4F352}.Release|iPhoneSimulator.Build.0 = Release|Any CPU
		{25C99643-DBDF-4990-B158-97B6B6C4F352}.Release|x64.ActiveCfg = Release|Any CPU
		{25C99643-DBDF-4990-B158-97B6B6C4F352}.Release|x64.Build.0 = Release|Any CPU
		{25C99643-DBDF-4990-B158-97B6B6C4F352}.Release|x86.ActiveCfg = Release|Any CPU
		{25C99643-DBDF-4990-B158-97B6B6C4F352}.Release|x86.Build.0 = Release|Any CPU
		{CAF29B47-C2EA-4424-9A93-0EABF141AD2F}.Ad-Hoc|Any CPU.ActiveCfg = Release|Any CPU
		{CAF29B47-C2EA-4424-9A93-0EABF141AD2F}.Ad-Hoc|Any CPU.Build.0 = Release|Any CPU
		{CAF29B47-C2EA-4424-9A93-0EABF141AD2F}.Ad-Hoc|Any CPU.Deploy.0 = Release|Any CPU
		{CAF29B47-C2EA-4424-9A93-0EABF141AD2F}.Ad-Hoc|ARM.ActiveCfg = Release|Any CPU
		{CAF29B47-C2EA-4424-9A93-0EABF141AD2F}.Ad-Hoc|ARM.Build.0 = Release|Any CPU
		{CAF29B47-C2EA-4424-9A93-0EABF141AD2F}.Ad-Hoc|ARM.Deploy.0 = Release|Any CPU
		{CAF29B47-C2EA-4424-9A93-0EABF141AD2F}.Ad-Hoc|ARM64.ActiveCfg = Debug|Any CPU
		{CAF29B47-C2EA-4424-9A93-0EABF141AD2F}.Ad-Hoc|ARM64.Build.0 = Debug|Any CPU
		{CAF29B47-C2EA-4424-9A93-0EABF141AD2F}.Ad-Hoc|ARM64.Deploy.0 = Debug|Any CPU
		{CAF29B47-C2EA-4424-9A93-0EABF141AD2F}.Ad-Hoc|iPhone.ActiveCfg = Release|Any CPU
		{CAF29B47-C2EA-4424-9A93-0EABF141AD2F}.Ad-Hoc|iPhone.Build.0 = Release|Any CPU
		{CAF29B47-C2EA-4424-9A93-0EABF141AD2F}.Ad-Hoc|iPhone.Deploy.0 = Release|Any CPU
		{CAF29B47-C2EA-4424-9A93-0EABF141AD2F}.Ad-Hoc|iPhoneSimulator.ActiveCfg = Release|Any CPU
		{CAF29B47-C2EA-4424-9A93-0EABF141AD2F}.Ad-Hoc|iPhoneSimulator.Build.0 = Release|Any CPU
		{CAF29B47-C2EA-4424-9A93-0EABF141AD2F}.Ad-Hoc|iPhoneSimulator.Deploy.0 = Release|Any CPU
		{CAF29B47-C2EA-4424-9A93-0EABF141AD2F}.Ad-Hoc|x64.ActiveCfg = Release|Any CPU
		{CAF29B47-C2EA-4424-9A93-0EABF141AD2F}.Ad-Hoc|x64.Build.0 = Release|Any CPU
		{CAF29B47-C2EA-4424-9A93-0EABF141AD2F}.Ad-Hoc|x64.Deploy.0 = Release|Any CPU
		{CAF29B47-C2EA-4424-9A93-0EABF141AD2F}.Ad-Hoc|x86.ActiveCfg = Release|Any CPU
		{CAF29B47-C2EA-4424-9A93-0EABF141AD2F}.Ad-Hoc|x86.Build.0 = Release|Any CPU
		{CAF29B47-C2EA-4424-9A93-0EABF141AD2F}.Ad-Hoc|x86.Deploy.0 = Release|Any CPU
		{CAF29B47-C2EA-4424-9A93-0EABF141AD2F}.AppStore|Any CPU.ActiveCfg = Release|Any CPU
		{CAF29B47-C2EA-4424-9A93-0EABF141AD2F}.AppStore|Any CPU.Build.0 = Release|Any CPU
		{CAF29B47-C2EA-4424-9A93-0EABF141AD2F}.AppStore|Any CPU.Deploy.0 = Release|Any CPU
		{CAF29B47-C2EA-4424-9A93-0EABF141AD2F}.AppStore|ARM.ActiveCfg = Release|Any CPU
		{CAF29B47-C2EA-4424-9A93-0EABF141AD2F}.AppStore|ARM.Build.0 = Release|Any CPU
		{CAF29B47-C2EA-4424-9A93-0EABF141AD2F}.AppStore|ARM.Deploy.0 = Release|Any CPU
		{CAF29B47-C2EA-4424-9A93-0EABF141AD2F}.AppStore|ARM64.ActiveCfg = Debug|Any CPU
		{CAF29B47-C2EA-4424-9A93-0EABF141AD2F}.AppStore|ARM64.Build.0 = Debug|Any CPU
		{CAF29B47-C2EA-4424-9A93-0EABF141AD2F}.AppStore|ARM64.Deploy.0 = Debug|Any CPU
		{CAF29B47-C2EA-4424-9A93-0EABF141AD2F}.AppStore|iPhone.ActiveCfg = Release|Any CPU
		{CAF29B47-C2EA-4424-9A93-0EABF141AD2F}.AppStore|iPhone.Build.0 = Release|Any CPU
		{CAF29B47-C2EA-4424-9A93-0EABF141AD2F}.AppStore|iPhone.Deploy.0 = Release|Any CPU
		{CAF29B47-C2EA-4424-9A93-0EABF141AD2F}.AppStore|iPhoneSimulator.ActiveCfg = Release|Any CPU
		{CAF29B47-C2EA-4424-9A93-0EABF141AD2F}.AppStore|iPhoneSimulator.Build.0 = Release|Any CPU
		{CAF29B47-C2EA-4424-9A93-0EABF141AD2F}.AppStore|iPhoneSimulator.Deploy.0 = Release|Any CPU
		{CAF29B47-C2EA-4424-9A93-0EABF141AD2F}.AppStore|x64.ActiveCfg = Release|Any CPU
		{CAF29B47-C2EA-4424-9A93-0EABF141AD2F}.AppStore|x64.Build.0 = Release|Any CPU
		{CAF29B47-C2EA-4424-9A93-0EABF141AD2F}.AppStore|x64.Deploy.0 = Release|Any CPU
		{CAF29B47-C2EA-4424-9A93-0EABF141AD2F}.AppStore|x86.ActiveCfg = Release|Any CPU
		{CAF29B47-C2EA-4424-9A93-0EABF141AD2F}.AppStore|x86.Build.0 = Release|Any CPU
		{CAF29B47-C2EA-4424-9A93-0EABF141AD2F}.AppStore|x86.Deploy.0 = Release|Any CPU
		{CAF29B47-C2EA-4424-9A93-0EABF141AD2F}.Debug|Any CPU.ActiveCfg = Debug|Any CPU
		{CAF29B47-C2EA-4424-9A93-0EABF141AD2F}.Debug|Any CPU.Build.0 = Debug|Any CPU
		{CAF29B47-C2EA-4424-9A93-0EABF141AD2F}.Debug|Any CPU.Deploy.0 = Debug|Any CPU
		{CAF29B47-C2EA-4424-9A93-0EABF141AD2F}.Debug|ARM.ActiveCfg = Debug|Any CPU
		{CAF29B47-C2EA-4424-9A93-0EABF141AD2F}.Debug|ARM.Build.0 = Debug|Any CPU
		{CAF29B47-C2EA-4424-9A93-0EABF141AD2F}.Debug|ARM.Deploy.0 = Debug|Any CPU
		{CAF29B47-C2EA-4424-9A93-0EABF141AD2F}.Debug|ARM64.ActiveCfg = Debug|Any CPU
		{CAF29B47-C2EA-4424-9A93-0EABF141AD2F}.Debug|ARM64.Build.0 = Debug|Any CPU
		{CAF29B47-C2EA-4424-9A93-0EABF141AD2F}.Debug|ARM64.Deploy.0 = Debug|Any CPU
		{CAF29B47-C2EA-4424-9A93-0EABF141AD2F}.Debug|iPhone.ActiveCfg = Debug|Any CPU
		{CAF29B47-C2EA-4424-9A93-0EABF141AD2F}.Debug|iPhone.Build.0 = Debug|Any CPU
		{CAF29B47-C2EA-4424-9A93-0EABF141AD2F}.Debug|iPhone.Deploy.0 = Debug|Any CPU
		{CAF29B47-C2EA-4424-9A93-0EABF141AD2F}.Debug|iPhoneSimulator.ActiveCfg = Debug|Any CPU
		{CAF29B47-C2EA-4424-9A93-0EABF141AD2F}.Debug|iPhoneSimulator.Build.0 = Debug|Any CPU
		{CAF29B47-C2EA-4424-9A93-0EABF141AD2F}.Debug|iPhoneSimulator.Deploy.0 = Debug|Any CPU
		{CAF29B47-C2EA-4424-9A93-0EABF141AD2F}.Debug|x64.ActiveCfg = Debug|Any CPU
		{CAF29B47-C2EA-4424-9A93-0EABF141AD2F}.Debug|x64.Build.0 = Debug|Any CPU
		{CAF29B47-C2EA-4424-9A93-0EABF141AD2F}.Debug|x64.Deploy.0 = Debug|Any CPU
		{CAF29B47-C2EA-4424-9A93-0EABF141AD2F}.Debug|x86.ActiveCfg = Debug|Any CPU
		{CAF29B47-C2EA-4424-9A93-0EABF141AD2F}.Debug|x86.Build.0 = Debug|Any CPU
		{CAF29B47-C2EA-4424-9A93-0EABF141AD2F}.Debug|x86.Deploy.0 = Debug|Any CPU
		{CAF29B47-C2EA-4424-9A93-0EABF141AD2F}.Release|Any CPU.ActiveCfg = Release|Any CPU
		{CAF29B47-C2EA-4424-9A93-0EABF141AD2F}.Release|Any CPU.Build.0 = Release|Any CPU
		{CAF29B47-C2EA-4424-9A93-0EABF141AD2F}.Release|Any CPU.Deploy.0 = Release|Any CPU
		{CAF29B47-C2EA-4424-9A93-0EABF141AD2F}.Release|ARM.ActiveCfg = Release|Any CPU
		{CAF29B47-C2EA-4424-9A93-0EABF141AD2F}.Release|ARM.Build.0 = Release|Any CPU
		{CAF29B47-C2EA-4424-9A93-0EABF141AD2F}.Release|ARM.Deploy.0 = Release|Any CPU
		{CAF29B47-C2EA-4424-9A93-0EABF141AD2F}.Release|ARM64.ActiveCfg = Release|Any CPU
		{CAF29B47-C2EA-4424-9A93-0EABF141AD2F}.Release|ARM64.Build.0 = Release|Any CPU
		{CAF29B47-C2EA-4424-9A93-0EABF141AD2F}.Release|ARM64.Deploy.0 = Release|Any CPU
		{CAF29B47-C2EA-4424-9A93-0EABF141AD2F}.Release|iPhone.ActiveCfg = Release|Any CPU
		{CAF29B47-C2EA-4424-9A93-0EABF141AD2F}.Release|iPhone.Build.0 = Release|Any CPU
		{CAF29B47-C2EA-4424-9A93-0EABF141AD2F}.Release|iPhone.Deploy.0 = Release|Any CPU
		{CAF29B47-C2EA-4424-9A93-0EABF141AD2F}.Release|iPhoneSimulator.ActiveCfg = Release|Any CPU
		{CAF29B47-C2EA-4424-9A93-0EABF141AD2F}.Release|iPhoneSimulator.Build.0 = Release|Any CPU
		{CAF29B47-C2EA-4424-9A93-0EABF141AD2F}.Release|iPhoneSimulator.Deploy.0 = Release|Any CPU
		{CAF29B47-C2EA-4424-9A93-0EABF141AD2F}.Release|x64.ActiveCfg = Release|Any CPU
		{CAF29B47-C2EA-4424-9A93-0EABF141AD2F}.Release|x64.Build.0 = Release|Any CPU
		{CAF29B47-C2EA-4424-9A93-0EABF141AD2F}.Release|x64.Deploy.0 = Release|Any CPU
		{CAF29B47-C2EA-4424-9A93-0EABF141AD2F}.Release|x86.ActiveCfg = Release|Any CPU
		{CAF29B47-C2EA-4424-9A93-0EABF141AD2F}.Release|x86.Build.0 = Release|Any CPU
		{CAF29B47-C2EA-4424-9A93-0EABF141AD2F}.Release|x86.Deploy.0 = Release|Any CPU
		{6A2C7DA3-7096-4EA0-93D3-5C56000E08E2}.Ad-Hoc|Any CPU.ActiveCfg = Ad-Hoc|iPhone
		{6A2C7DA3-7096-4EA0-93D3-5C56000E08E2}.Ad-Hoc|ARM.ActiveCfg = Ad-Hoc|iPhone
		{6A2C7DA3-7096-4EA0-93D3-5C56000E08E2}.Ad-Hoc|ARM64.ActiveCfg = Ad-Hoc|iPhoneSimulator
		{6A2C7DA3-7096-4EA0-93D3-5C56000E08E2}.Ad-Hoc|iPhone.ActiveCfg = Ad-Hoc|iPhone
		{6A2C7DA3-7096-4EA0-93D3-5C56000E08E2}.Ad-Hoc|iPhone.Build.0 = Ad-Hoc|iPhone
		{6A2C7DA3-7096-4EA0-93D3-5C56000E08E2}.Ad-Hoc|iPhoneSimulator.ActiveCfg = Ad-Hoc|iPhoneSimulator
		{6A2C7DA3-7096-4EA0-93D3-5C56000E08E2}.Ad-Hoc|iPhoneSimulator.Build.0 = Ad-Hoc|iPhoneSimulator
		{6A2C7DA3-7096-4EA0-93D3-5C56000E08E2}.Ad-Hoc|x64.ActiveCfg = Ad-Hoc|iPhone
		{6A2C7DA3-7096-4EA0-93D3-5C56000E08E2}.Ad-Hoc|x86.ActiveCfg = Ad-Hoc|iPhone
		{6A2C7DA3-7096-4EA0-93D3-5C56000E08E2}.AppStore|Any CPU.ActiveCfg = AppStore|iPhone
		{6A2C7DA3-7096-4EA0-93D3-5C56000E08E2}.AppStore|ARM.ActiveCfg = AppStore|iPhone
		{6A2C7DA3-7096-4EA0-93D3-5C56000E08E2}.AppStore|ARM64.ActiveCfg = AppStore|iPhoneSimulator
		{6A2C7DA3-7096-4EA0-93D3-5C56000E08E2}.AppStore|iPhone.ActiveCfg = AppStore|iPhone
		{6A2C7DA3-7096-4EA0-93D3-5C56000E08E2}.AppStore|iPhone.Build.0 = AppStore|iPhone
		{6A2C7DA3-7096-4EA0-93D3-5C56000E08E2}.AppStore|iPhoneSimulator.ActiveCfg = AppStore|iPhoneSimulator
		{6A2C7DA3-7096-4EA0-93D3-5C56000E08E2}.AppStore|iPhoneSimulator.Build.0 = AppStore|iPhoneSimulator
		{6A2C7DA3-7096-4EA0-93D3-5C56000E08E2}.AppStore|x64.ActiveCfg = AppStore|iPhone
		{6A2C7DA3-7096-4EA0-93D3-5C56000E08E2}.AppStore|x86.ActiveCfg = AppStore|iPhone
		{6A2C7DA3-7096-4EA0-93D3-5C56000E08E2}.Debug|Any CPU.ActiveCfg = Debug|iPhone
		{6A2C7DA3-7096-4EA0-93D3-5C56000E08E2}.Debug|ARM.ActiveCfg = Debug|iPhone
		{6A2C7DA3-7096-4EA0-93D3-5C56000E08E2}.Debug|ARM64.ActiveCfg = Debug|iPhoneSimulator
		{6A2C7DA3-7096-4EA0-93D3-5C56000E08E2}.Debug|iPhone.ActiveCfg = Debug|iPhone
		{6A2C7DA3-7096-4EA0-93D3-5C56000E08E2}.Debug|iPhone.Build.0 = Debug|iPhone
		{6A2C7DA3-7096-4EA0-93D3-5C56000E08E2}.Debug|iPhoneSimulator.ActiveCfg = Debug|iPhoneSimulator
		{6A2C7DA3-7096-4EA0-93D3-5C56000E08E2}.Debug|iPhoneSimulator.Build.0 = Debug|iPhoneSimulator
		{6A2C7DA3-7096-4EA0-93D3-5C56000E08E2}.Debug|x64.ActiveCfg = Debug|iPhone
		{6A2C7DA3-7096-4EA0-93D3-5C56000E08E2}.Debug|x86.ActiveCfg = Debug|iPhone
		{6A2C7DA3-7096-4EA0-93D3-5C56000E08E2}.Release|Any CPU.ActiveCfg = Release|iPhone
		{6A2C7DA3-7096-4EA0-93D3-5C56000E08E2}.Release|ARM.ActiveCfg = Release|iPhone
		{6A2C7DA3-7096-4EA0-93D3-5C56000E08E2}.Release|ARM64.ActiveCfg = Release|iPhoneSimulator
		{6A2C7DA3-7096-4EA0-93D3-5C56000E08E2}.Release|iPhone.ActiveCfg = Release|iPhone
		{6A2C7DA3-7096-4EA0-93D3-5C56000E08E2}.Release|iPhone.Build.0 = Release|iPhone
		{6A2C7DA3-7096-4EA0-93D3-5C56000E08E2}.Release|iPhoneSimulator.ActiveCfg = Release|iPhoneSimulator
		{6A2C7DA3-7096-4EA0-93D3-5C56000E08E2}.Release|iPhoneSimulator.Build.0 = Release|iPhoneSimulator
		{6A2C7DA3-7096-4EA0-93D3-5C56000E08E2}.Release|x64.ActiveCfg = Release|iPhone
		{6A2C7DA3-7096-4EA0-93D3-5C56000E08E2}.Release|x86.ActiveCfg = Release|iPhone
		{668828F4-24A0-4936-8A36-1B0AED9B2B58}.Ad-Hoc|Any CPU.ActiveCfg = Release|x64
		{668828F4-24A0-4936-8A36-1B0AED9B2B58}.Ad-Hoc|Any CPU.Build.0 = Release|x64
		{668828F4-24A0-4936-8A36-1B0AED9B2B58}.Ad-Hoc|Any CPU.Deploy.0 = Release|x64
		{668828F4-24A0-4936-8A36-1B0AED9B2B58}.Ad-Hoc|ARM.ActiveCfg = Release|ARM
		{668828F4-24A0-4936-8A36-1B0AED9B2B58}.Ad-Hoc|ARM.Build.0 = Release|ARM
		{668828F4-24A0-4936-8A36-1B0AED9B2B58}.Ad-Hoc|ARM.Deploy.0 = Release|ARM
		{668828F4-24A0-4936-8A36-1B0AED9B2B58}.Ad-Hoc|ARM64.ActiveCfg = Debug|x64
		{668828F4-24A0-4936-8A36-1B0AED9B2B58}.Ad-Hoc|ARM64.Build.0 = Debug|x64
		{668828F4-24A0-4936-8A36-1B0AED9B2B58}.Ad-Hoc|ARM64.Deploy.0 = Debug|x64
		{668828F4-24A0-4936-8A36-1B0AED9B2B58}.Ad-Hoc|iPhone.ActiveCfg = Release|x64
		{668828F4-24A0-4936-8A36-1B0AED9B2B58}.Ad-Hoc|iPhone.Build.0 = Release|x64
		{668828F4-24A0-4936-8A36-1B0AED9B2B58}.Ad-Hoc|iPhone.Deploy.0 = Release|x64
		{668828F4-24A0-4936-8A36-1B0AED9B2B58}.Ad-Hoc|iPhoneSimulator.ActiveCfg = Release|x64
		{668828F4-24A0-4936-8A36-1B0AED9B2B58}.Ad-Hoc|iPhoneSimulator.Build.0 = Release|x64
		{668828F4-24A0-4936-8A36-1B0AED9B2B58}.Ad-Hoc|iPhoneSimulator.Deploy.0 = Release|x64
		{668828F4-24A0-4936-8A36-1B0AED9B2B58}.Ad-Hoc|x64.ActiveCfg = Release|x64
		{668828F4-24A0-4936-8A36-1B0AED9B2B58}.Ad-Hoc|x64.Build.0 = Release|x64
		{668828F4-24A0-4936-8A36-1B0AED9B2B58}.Ad-Hoc|x64.Deploy.0 = Release|x64
		{668828F4-24A0-4936-8A36-1B0AED9B2B58}.Ad-Hoc|x86.ActiveCfg = Release|x86
		{668828F4-24A0-4936-8A36-1B0AED9B2B58}.Ad-Hoc|x86.Build.0 = Release|x86
		{668828F4-24A0-4936-8A36-1B0AED9B2B58}.Ad-Hoc|x86.Deploy.0 = Release|x86
		{668828F4-24A0-4936-8A36-1B0AED9B2B58}.AppStore|Any CPU.ActiveCfg = Release|x64
		{668828F4-24A0-4936-8A36-1B0AED9B2B58}.AppStore|Any CPU.Build.0 = Release|x64
		{668828F4-24A0-4936-8A36-1B0AED9B2B58}.AppStore|Any CPU.Deploy.0 = Release|x64
		{668828F4-24A0-4936-8A36-1B0AED9B2B58}.AppStore|ARM.ActiveCfg = Release|ARM
		{668828F4-24A0-4936-8A36-1B0AED9B2B58}.AppStore|ARM.Build.0 = Release|ARM
		{668828F4-24A0-4936-8A36-1B0AED9B2B58}.AppStore|ARM.Deploy.0 = Release|ARM
		{668828F4-24A0-4936-8A36-1B0AED9B2B58}.AppStore|ARM64.ActiveCfg = Debug|x64
		{668828F4-24A0-4936-8A36-1B0AED9B2B58}.AppStore|ARM64.Build.0 = Debug|x64
		{668828F4-24A0-4936-8A36-1B0AED9B2B58}.AppStore|ARM64.Deploy.0 = Debug|x64
		{668828F4-24A0-4936-8A36-1B0AED9B2B58}.AppStore|iPhone.ActiveCfg = Release|x64
		{668828F4-24A0-4936-8A36-1B0AED9B2B58}.AppStore|iPhone.Build.0 = Release|x64
		{668828F4-24A0-4936-8A36-1B0AED9B2B58}.AppStore|iPhone.Deploy.0 = Release|x64
		{668828F4-24A0-4936-8A36-1B0AED9B2B58}.AppStore|iPhoneSimulator.ActiveCfg = Release|x64
		{668828F4-24A0-4936-8A36-1B0AED9B2B58}.AppStore|iPhoneSimulator.Build.0 = Release|x64
		{668828F4-24A0-4936-8A36-1B0AED9B2B58}.AppStore|iPhoneSimulator.Deploy.0 = Release|x64
		{668828F4-24A0-4936-8A36-1B0AED9B2B58}.AppStore|x64.ActiveCfg = Release|x64
		{668828F4-24A0-4936-8A36-1B0AED9B2B58}.AppStore|x64.Build.0 = Release|x64
		{668828F4-24A0-4936-8A36-1B0AED9B2B58}.AppStore|x64.Deploy.0 = Release|x64
		{668828F4-24A0-4936-8A36-1B0AED9B2B58}.AppStore|x86.ActiveCfg = Release|x86
		{668828F4-24A0-4936-8A36-1B0AED9B2B58}.AppStore|x86.Build.0 = Release|x86
		{668828F4-24A0-4936-8A36-1B0AED9B2B58}.AppStore|x86.Deploy.0 = Release|x86
		{668828F4-24A0-4936-8A36-1B0AED9B2B58}.Debug|Any CPU.ActiveCfg = Debug|x86
		{668828F4-24A0-4936-8A36-1B0AED9B2B58}.Debug|ARM.ActiveCfg = Debug|ARM
		{668828F4-24A0-4936-8A36-1B0AED9B2B58}.Debug|ARM.Build.0 = Debug|ARM
		{668828F4-24A0-4936-8A36-1B0AED9B2B58}.Debug|ARM.Deploy.0 = Debug|ARM
		{668828F4-24A0-4936-8A36-1B0AED9B2B58}.Debug|ARM64.ActiveCfg = Debug|x86
		{668828F4-24A0-4936-8A36-1B0AED9B2B58}.Debug|iPhone.ActiveCfg = Debug|x86
		{668828F4-24A0-4936-8A36-1B0AED9B2B58}.Debug|iPhoneSimulator.ActiveCfg = Debug|x86
		{668828F4-24A0-4936-8A36-1B0AED9B2B58}.Debug|x64.ActiveCfg = Debug|x64
		{668828F4-24A0-4936-8A36-1B0AED9B2B58}.Debug|x64.Build.0 = Debug|x64
		{668828F4-24A0-4936-8A36-1B0AED9B2B58}.Debug|x64.Deploy.0 = Debug|x64
		{668828F4-24A0-4936-8A36-1B0AED9B2B58}.Debug|x86.ActiveCfg = Debug|x86
		{668828F4-24A0-4936-8A36-1B0AED9B2B58}.Debug|x86.Build.0 = Debug|x86
		{668828F4-24A0-4936-8A36-1B0AED9B2B58}.Debug|x86.Deploy.0 = Debug|x86
		{668828F4-24A0-4936-8A36-1B0AED9B2B58}.Release|Any CPU.ActiveCfg = Release|x86
		{668828F4-24A0-4936-8A36-1B0AED9B2B58}.Release|ARM.ActiveCfg = Release|ARM
		{668828F4-24A0-4936-8A36-1B0AED9B2B58}.Release|ARM.Build.0 = Release|ARM
		{668828F4-24A0-4936-8A36-1B0AED9B2B58}.Release|ARM.Deploy.0 = Release|ARM
		{668828F4-24A0-4936-8A36-1B0AED9B2B58}.Release|ARM64.ActiveCfg = Release|x86
		{668828F4-24A0-4936-8A36-1B0AED9B2B58}.Release|iPhone.ActiveCfg = Release|x86
		{668828F4-24A0-4936-8A36-1B0AED9B2B58}.Release|iPhoneSimulator.ActiveCfg = Release|x86
		{668828F4-24A0-4936-8A36-1B0AED9B2B58}.Release|x64.ActiveCfg = Release|x64
		{668828F4-24A0-4936-8A36-1B0AED9B2B58}.Release|x64.Build.0 = Release|x64
		{668828F4-24A0-4936-8A36-1B0AED9B2B58}.Release|x64.Deploy.0 = Release|x64
		{668828F4-24A0-4936-8A36-1B0AED9B2B58}.Release|x86.ActiveCfg = Release|x86
		{668828F4-24A0-4936-8A36-1B0AED9B2B58}.Release|x86.Build.0 = Release|x86
		{668828F4-24A0-4936-8A36-1B0AED9B2B58}.Release|x86.Deploy.0 = Release|x86
		{CC5EBA94-EBAB-46F5-A4DC-774C0FEBCC67}.Ad-Hoc|Any CPU.ActiveCfg = Debug|Any CPU
		{CC5EBA94-EBAB-46F5-A4DC-774C0FEBCC67}.Ad-Hoc|Any CPU.Build.0 = Debug|Any CPU
		{CC5EBA94-EBAB-46F5-A4DC-774C0FEBCC67}.Ad-Hoc|ARM.ActiveCfg = Debug|Any CPU
		{CC5EBA94-EBAB-46F5-A4DC-774C0FEBCC67}.Ad-Hoc|ARM.Build.0 = Debug|Any CPU
		{CC5EBA94-EBAB-46F5-A4DC-774C0FEBCC67}.Ad-Hoc|ARM64.ActiveCfg = Release|Any CPU
		{CC5EBA94-EBAB-46F5-A4DC-774C0FEBCC67}.Ad-Hoc|ARM64.Build.0 = Release|Any CPU
		{CC5EBA94-EBAB-46F5-A4DC-774C0FEBCC67}.Ad-Hoc|iPhone.ActiveCfg = Debug|Any CPU
		{CC5EBA94-EBAB-46F5-A4DC-774C0FEBCC67}.Ad-Hoc|iPhone.Build.0 = Debug|Any CPU
		{CC5EBA94-EBAB-46F5-A4DC-774C0FEBCC67}.Ad-Hoc|iPhoneSimulator.ActiveCfg = Debug|Any CPU
		{CC5EBA94-EBAB-46F5-A4DC-774C0FEBCC67}.Ad-Hoc|iPhoneSimulator.Build.0 = Debug|Any CPU
		{CC5EBA94-EBAB-46F5-A4DC-774C0FEBCC67}.Ad-Hoc|x64.ActiveCfg = Debug|Any CPU
		{CC5EBA94-EBAB-46F5-A4DC-774C0FEBCC67}.Ad-Hoc|x64.Build.0 = Debug|Any CPU
		{CC5EBA94-EBAB-46F5-A4DC-774C0FEBCC67}.Ad-Hoc|x86.ActiveCfg = Debug|Any CPU
		{CC5EBA94-EBAB-46F5-A4DC-774C0FEBCC67}.Ad-Hoc|x86.Build.0 = Debug|Any CPU
		{CC5EBA94-EBAB-46F5-A4DC-774C0FEBCC67}.AppStore|Any CPU.ActiveCfg = Debug|Any CPU
		{CC5EBA94-EBAB-46F5-A4DC-774C0FEBCC67}.AppStore|Any CPU.Build.0 = Debug|Any CPU
		{CC5EBA94-EBAB-46F5-A4DC-774C0FEBCC67}.AppStore|ARM.ActiveCfg = Debug|Any CPU
		{CC5EBA94-EBAB-46F5-A4DC-774C0FEBCC67}.AppStore|ARM.Build.0 = Debug|Any CPU
		{CC5EBA94-EBAB-46F5-A4DC-774C0FEBCC67}.AppStore|ARM64.ActiveCfg = Release|Any CPU
		{CC5EBA94-EBAB-46F5-A4DC-774C0FEBCC67}.AppStore|ARM64.Build.0 = Release|Any CPU
		{CC5EBA94-EBAB-46F5-A4DC-774C0FEBCC67}.AppStore|iPhone.ActiveCfg = Debug|Any CPU
		{CC5EBA94-EBAB-46F5-A4DC-774C0FEBCC67}.AppStore|iPhone.Build.0 = Debug|Any CPU
		{CC5EBA94-EBAB-46F5-A4DC-774C0FEBCC67}.AppStore|iPhoneSimulator.ActiveCfg = Debug|Any CPU
		{CC5EBA94-EBAB-46F5-A4DC-774C0FEBCC67}.AppStore|iPhoneSimulator.Build.0 = Debug|Any CPU
		{CC5EBA94-EBAB-46F5-A4DC-774C0FEBCC67}.AppStore|x64.ActiveCfg = Debug|Any CPU
		{CC5EBA94-EBAB-46F5-A4DC-774C0FEBCC67}.AppStore|x64.Build.0 = Debug|Any CPU
		{CC5EBA94-EBAB-46F5-A4DC-774C0FEBCC67}.AppStore|x86.ActiveCfg = Debug|Any CPU
		{CC5EBA94-EBAB-46F5-A4DC-774C0FEBCC67}.AppStore|x86.Build.0 = Debug|Any CPU
		{CC5EBA94-EBAB-46F5-A4DC-774C0FEBCC67}.Debug|Any CPU.ActiveCfg = Debug|Any CPU
		{CC5EBA94-EBAB-46F5-A4DC-774C0FEBCC67}.Debug|Any CPU.Build.0 = Debug|Any CPU
		{CC5EBA94-EBAB-46F5-A4DC-774C0FEBCC67}.Debug|ARM.ActiveCfg = Debug|Any CPU
		{CC5EBA94-EBAB-46F5-A4DC-774C0FEBCC67}.Debug|ARM.Build.0 = Debug|Any CPU
		{CC5EBA94-EBAB-46F5-A4DC-774C0FEBCC67}.Debug|ARM64.ActiveCfg = Debug|Any CPU
		{CC5EBA94-EBAB-46F5-A4DC-774C0FEBCC67}.Debug|ARM64.Build.0 = Debug|Any CPU
		{CC5EBA94-EBAB-46F5-A4DC-774C0FEBCC67}.Debug|iPhone.ActiveCfg = Debug|Any CPU
		{CC5EBA94-EBAB-46F5-A4DC-774C0FEBCC67}.Debug|iPhone.Build.0 = Debug|Any CPU
		{CC5EBA94-EBAB-46F5-A4DC-774C0FEBCC67}.Debug|iPhoneSimulator.ActiveCfg = Debug|Any CPU
		{CC5EBA94-EBAB-46F5-A4DC-774C0FEBCC67}.Debug|iPhoneSimulator.Build.0 = Debug|Any CPU
		{CC5EBA94-EBAB-46F5-A4DC-774C0FEBCC67}.Debug|x64.ActiveCfg = Debug|Any CPU
		{CC5EBA94-EBAB-46F5-A4DC-774C0FEBCC67}.Debug|x64.Build.0 = Debug|Any CPU
		{CC5EBA94-EBAB-46F5-A4DC-774C0FEBCC67}.Debug|x86.ActiveCfg = Debug|Any CPU
		{CC5EBA94-EBAB-46F5-A4DC-774C0FEBCC67}.Debug|x86.Build.0 = Debug|Any CPU
		{CC5EBA94-EBAB-46F5-A4DC-774C0FEBCC67}.Release|Any CPU.ActiveCfg = Release|Any CPU
		{CC5EBA94-EBAB-46F5-A4DC-774C0FEBCC67}.Release|Any CPU.Build.0 = Release|Any CPU
		{CC5EBA94-EBAB-46F5-A4DC-774C0FEBCC67}.Release|ARM.ActiveCfg = Release|Any CPU
		{CC5EBA94-EBAB-46F5-A4DC-774C0FEBCC67}.Release|ARM.Build.0 = Release|Any CPU
		{CC5EBA94-EBAB-46F5-A4DC-774C0FEBCC67}.Release|ARM64.ActiveCfg = Release|Any CPU
		{CC5EBA94-EBAB-46F5-A4DC-774C0FEBCC67}.Release|ARM64.Build.0 = Release|Any CPU
		{CC5EBA94-EBAB-46F5-A4DC-774C0FEBCC67}.Release|iPhone.ActiveCfg = Release|Any CPU
		{CC5EBA94-EBAB-46F5-A4DC-774C0FEBCC67}.Release|iPhone.Build.0 = Release|Any CPU
		{CC5EBA94-EBAB-46F5-A4DC-774C0FEBCC67}.Release|iPhoneSimulator.ActiveCfg = Release|Any CPU
		{CC5EBA94-EBAB-46F5-A4DC-774C0FEBCC67}.Release|iPhoneSimulator.Build.0 = Release|Any CPU
		{CC5EBA94-EBAB-46F5-A4DC-774C0FEBCC67}.Release|x64.ActiveCfg = Release|Any CPU
		{CC5EBA94-EBAB-46F5-A4DC-774C0FEBCC67}.Release|x64.Build.0 = Release|Any CPU
		{CC5EBA94-EBAB-46F5-A4DC-774C0FEBCC67}.Release|x86.ActiveCfg = Release|Any CPU
		{CC5EBA94-EBAB-46F5-A4DC-774C0FEBCC67}.Release|x86.Build.0 = Release|Any CPU
		{3F2B7F90-E931-4541-9039-4BD0EA7E2B93}.Ad-Hoc|Any CPU.ActiveCfg = Release|x64
		{3F2B7F90-E931-4541-9039-4BD0EA7E2B93}.Ad-Hoc|Any CPU.Build.0 = Release|x64
		{3F2B7F90-E931-4541-9039-4BD0EA7E2B93}.Ad-Hoc|Any CPU.Deploy.0 = Release|x64
		{3F2B7F90-E931-4541-9039-4BD0EA7E2B93}.Ad-Hoc|ARM.ActiveCfg = Release|ARM
		{3F2B7F90-E931-4541-9039-4BD0EA7E2B93}.Ad-Hoc|ARM.Build.0 = Release|ARM
		{3F2B7F90-E931-4541-9039-4BD0EA7E2B93}.Ad-Hoc|ARM.Deploy.0 = Release|ARM
		{3F2B7F90-E931-4541-9039-4BD0EA7E2B93}.Ad-Hoc|ARM64.ActiveCfg = Release|ARM64
		{3F2B7F90-E931-4541-9039-4BD0EA7E2B93}.Ad-Hoc|ARM64.Build.0 = Release|ARM64
		{3F2B7F90-E931-4541-9039-4BD0EA7E2B93}.Ad-Hoc|ARM64.Deploy.0 = Release|ARM64
		{3F2B7F90-E931-4541-9039-4BD0EA7E2B93}.Ad-Hoc|iPhone.ActiveCfg = Release|x64
		{3F2B7F90-E931-4541-9039-4BD0EA7E2B93}.Ad-Hoc|iPhone.Build.0 = Release|x64
		{3F2B7F90-E931-4541-9039-4BD0EA7E2B93}.Ad-Hoc|iPhone.Deploy.0 = Release|x64
		{3F2B7F90-E931-4541-9039-4BD0EA7E2B93}.Ad-Hoc|iPhoneSimulator.ActiveCfg = Release|x64
		{3F2B7F90-E931-4541-9039-4BD0EA7E2B93}.Ad-Hoc|iPhoneSimulator.Build.0 = Release|x64
		{3F2B7F90-E931-4541-9039-4BD0EA7E2B93}.Ad-Hoc|iPhoneSimulator.Deploy.0 = Release|x64
		{3F2B7F90-E931-4541-9039-4BD0EA7E2B93}.Ad-Hoc|x64.ActiveCfg = Release|x64
		{3F2B7F90-E931-4541-9039-4BD0EA7E2B93}.Ad-Hoc|x64.Build.0 = Release|x64
		{3F2B7F90-E931-4541-9039-4BD0EA7E2B93}.Ad-Hoc|x64.Deploy.0 = Release|x64
		{3F2B7F90-E931-4541-9039-4BD0EA7E2B93}.Ad-Hoc|x86.ActiveCfg = Release|x86
		{3F2B7F90-E931-4541-9039-4BD0EA7E2B93}.Ad-Hoc|x86.Build.0 = Release|x86
		{3F2B7F90-E931-4541-9039-4BD0EA7E2B93}.Ad-Hoc|x86.Deploy.0 = Release|x86
		{3F2B7F90-E931-4541-9039-4BD0EA7E2B93}.AppStore|Any CPU.ActiveCfg = Release|x64
		{3F2B7F90-E931-4541-9039-4BD0EA7E2B93}.AppStore|Any CPU.Build.0 = Release|x64
		{3F2B7F90-E931-4541-9039-4BD0EA7E2B93}.AppStore|Any CPU.Deploy.0 = Release|x64
		{3F2B7F90-E931-4541-9039-4BD0EA7E2B93}.AppStore|ARM.ActiveCfg = Release|ARM
		{3F2B7F90-E931-4541-9039-4BD0EA7E2B93}.AppStore|ARM.Build.0 = Release|ARM
		{3F2B7F90-E931-4541-9039-4BD0EA7E2B93}.AppStore|ARM.Deploy.0 = Release|ARM
		{3F2B7F90-E931-4541-9039-4BD0EA7E2B93}.AppStore|ARM64.ActiveCfg = Release|ARM64
		{3F2B7F90-E931-4541-9039-4BD0EA7E2B93}.AppStore|ARM64.Build.0 = Release|ARM64
		{3F2B7F90-E931-4541-9039-4BD0EA7E2B93}.AppStore|ARM64.Deploy.0 = Release|ARM64
		{3F2B7F90-E931-4541-9039-4BD0EA7E2B93}.AppStore|iPhone.ActiveCfg = Release|x64
		{3F2B7F90-E931-4541-9039-4BD0EA7E2B93}.AppStore|iPhone.Build.0 = Release|x64
		{3F2B7F90-E931-4541-9039-4BD0EA7E2B93}.AppStore|iPhone.Deploy.0 = Release|x64
		{3F2B7F90-E931-4541-9039-4BD0EA7E2B93}.AppStore|iPhoneSimulator.ActiveCfg = Release|x64
		{3F2B7F90-E931-4541-9039-4BD0EA7E2B93}.AppStore|iPhoneSimulator.Build.0 = Release|x64
		{3F2B7F90-E931-4541-9039-4BD0EA7E2B93}.AppStore|iPhoneSimulator.Deploy.0 = Release|x64
		{3F2B7F90-E931-4541-9039-4BD0EA7E2B93}.AppStore|x64.ActiveCfg = Release|x64
		{3F2B7F90-E931-4541-9039-4BD0EA7E2B93}.AppStore|x64.Build.0 = Release|x64
		{3F2B7F90-E931-4541-9039-4BD0EA7E2B93}.AppStore|x64.Deploy.0 = Release|x64
		{3F2B7F90-E931-4541-9039-4BD0EA7E2B93}.AppStore|x86.ActiveCfg = Release|x86
		{3F2B7F90-E931-4541-9039-4BD0EA7E2B93}.AppStore|x86.Build.0 = Release|x86
		{3F2B7F90-E931-4541-9039-4BD0EA7E2B93}.AppStore|x86.Deploy.0 = Release|x86
		{3F2B7F90-E931-4541-9039-4BD0EA7E2B93}.Debug|Any CPU.ActiveCfg = Debug|x86
		{3F2B7F90-E931-4541-9039-4BD0EA7E2B93}.Debug|ARM.ActiveCfg = Debug|ARM
		{3F2B7F90-E931-4541-9039-4BD0EA7E2B93}.Debug|ARM.Build.0 = Debug|ARM
		{3F2B7F90-E931-4541-9039-4BD0EA7E2B93}.Debug|ARM.Deploy.0 = Debug|ARM
		{3F2B7F90-E931-4541-9039-4BD0EA7E2B93}.Debug|ARM64.ActiveCfg = Debug|ARM64
		{3F2B7F90-E931-4541-9039-4BD0EA7E2B93}.Debug|ARM64.Build.0 = Debug|ARM64
		{3F2B7F90-E931-4541-9039-4BD0EA7E2B93}.Debug|ARM64.Deploy.0 = Debug|ARM64
		{3F2B7F90-E931-4541-9039-4BD0EA7E2B93}.Debug|iPhone.ActiveCfg = Debug|x86
		{3F2B7F90-E931-4541-9039-4BD0EA7E2B93}.Debug|iPhoneSimulator.ActiveCfg = Debug|x86
		{3F2B7F90-E931-4541-9039-4BD0EA7E2B93}.Debug|x64.ActiveCfg = Debug|x64
		{3F2B7F90-E931-4541-9039-4BD0EA7E2B93}.Debug|x64.Build.0 = Debug|x64
		{3F2B7F90-E931-4541-9039-4BD0EA7E2B93}.Debug|x64.Deploy.0 = Debug|x64
		{3F2B7F90-E931-4541-9039-4BD0EA7E2B93}.Debug|x86.ActiveCfg = Debug|x86
		{3F2B7F90-E931-4541-9039-4BD0EA7E2B93}.Debug|x86.Build.0 = Debug|x86
		{3F2B7F90-E931-4541-9039-4BD0EA7E2B93}.Debug|x86.Deploy.0 = Debug|x86
		{3F2B7F90-E931-4541-9039-4BD0EA7E2B93}.Release|Any CPU.ActiveCfg = Release|x86
		{3F2B7F90-E931-4541-9039-4BD0EA7E2B93}.Release|ARM.ActiveCfg = Release|ARM
		{3F2B7F90-E931-4541-9039-4BD0EA7E2B93}.Release|ARM.Build.0 = Release|ARM
		{3F2B7F90-E931-4541-9039-4BD0EA7E2B93}.Release|ARM.Deploy.0 = Release|ARM
		{3F2B7F90-E931-4541-9039-4BD0EA7E2B93}.Release|ARM64.ActiveCfg = Release|ARM64
		{3F2B7F90-E931-4541-9039-4BD0EA7E2B93}.Release|ARM64.Build.0 = Release|ARM64
		{3F2B7F90-E931-4541-9039-4BD0EA7E2B93}.Release|ARM64.Deploy.0 = Release|ARM64
		{3F2B7F90-E931-4541-9039-4BD0EA7E2B93}.Release|iPhone.ActiveCfg = Release|x86
		{3F2B7F90-E931-4541-9039-4BD0EA7E2B93}.Release|iPhoneSimulator.ActiveCfg = Release|x86
		{3F2B7F90-E931-4541-9039-4BD0EA7E2B93}.Release|x64.ActiveCfg = Release|x64
		{3F2B7F90-E931-4541-9039-4BD0EA7E2B93}.Release|x64.Build.0 = Release|x64
		{3F2B7F90-E931-4541-9039-4BD0EA7E2B93}.Release|x64.Deploy.0 = Release|x64
		{3F2B7F90-E931-4541-9039-4BD0EA7E2B93}.Release|x86.ActiveCfg = Release|x86
		{3F2B7F90-E931-4541-9039-4BD0EA7E2B93}.Release|x86.Build.0 = Release|x86
		{3F2B7F90-E931-4541-9039-4BD0EA7E2B93}.Release|x86.Deploy.0 = Release|x86
	EndGlobalSection
	GlobalSection(SolutionProperties) = preSolution
		HideSolutionNode = FALSE
	EndGlobalSection
	GlobalSection(ExtensibilityGlobals) = postSolution
		SolutionGuid = {8E48E08C-AAD8-4FFF-82D5-DF01D02345D8}
	EndGlobalSection
EndGlobal
